
Microsoft Visual Studio Solution File, Format Version 12.00
# Visual Studio Version 17
VisualStudioVersion = 17.9.34902.65
MinimumVisualStudioVersion = 10.0.40219.1
Project("{FAE04EC0-301F-11D3-BF4B-00C04F79EFBC}") = "MagicVilla_VillaAPi", "MagicVilla_VillaAPi\MagicVilla_VillaAPi.csproj", "{C80F114A-0EBB-4182-9CDA-CDC928129DEF}"
EndProject
Global
	GlobalSection(SolutionConfigurationPlatforms) = preSolution
		Debug|Any CPU = Debug|Any CPU
		Release|Any CPU = Release|Any CPU
	EndGlobalSection
	GlobalSection(ProjectConfigurationPlatforms) = postSolution
		{C80F114A-0EBB-4182-9CDA-CDC928129DEF}.Debug|Any CPU.ActiveCfg = Debug|Any CPU
		{C80F114A-0EBB-4182-9CDA-CDC928129DEF}.Debug|Any CPU.Build.0 = Debug|Any CPU
		{C80F114A-0EBB-4182-9CDA-CDC928129DEF}.Release|Any CPU.ActiveCfg = Release|Any CPU
		{C80F114A-0EBB-4182-9CDA-CDC928129DEF}.Release|Any CPU.Build.0 = Release|Any CPU
	EndGlobalSection
	GlobalSection(SolutionProperties) = preSolution
		HideSolutionNode = FALSE
	EndGlobalSection
	GlobalSection(ExtensibilityGlobals) = postSolution
		SolutionGuid = {1C10FA86-9041-4D7C-AEC1-BB13442600F8}
	EndGlobalSection
EndGlobal
